
Microsoft Visual Studio Solution File, Format Version 12.00
# Visual Studio Version 17
VisualStudioVersion = 17.8.34322.80
MinimumVisualStudioVersion = 10.0.40219.1
Project("{FAE04EC0-301F-11D3-BF4B-00C04F79EFBC}") = "HospitalAutomation", "HospitalAutomation\HospitalAutomation.csproj", "{DF47763B-CDED-456A-BE42-9E20B90A7BDD}"
EndProject
Global
	GlobalSection(SolutionConfigurationPlatforms) = preSolution
		Debug|Any CPU = Debug|Any CPU
		Release|Any CPU = Release|Any CPU
	EndGlobalSection
	GlobalSection(ProjectConfigurationPlatforms) = postSolution
		{DF47763B-CDED-456A-BE42-9E20B90A7BDD}.Debug|Any CPU.ActiveCfg = Debug|Any CPU
		{DF47763B-CDED-456A-BE42-9E20B90A7BDD}.Debug|Any CPU.Build.0 = Debug|Any CPU
		{DF47763B-CDED-456A-BE42-9E20B90A7BDD}.Release|Any CPU.ActiveCfg = Release|Any CPU
		{DF47763B-CDED-456A-BE42-9E20B90A7BDD}.Release|Any CPU.Build.0 = Release|Any CPU
	EndGlobalSection
	GlobalSection(SolutionProperties) = preSolution
		HideSolutionNode = FALSE
	EndGlobalSection
	GlobalSection(ExtensibilityGlobals) = postSolution
		SolutionGuid = {4CE90497-8141-43CC-9BB3-C32B5E252161}
	EndGlobalSection
EndGlobal
